
Microsoft Visual Studio Solution File, Format Version 12.00
# Visual Studio Version 16
VisualStudioVersion = 16.0.31702.278
MinimumVisualStudioVersion = 10.0.40219.1
Project("{9A19103F-16F7-4668-BE54-9A1E7A4F7556}") = "SQLScriptHelper.Tests", "src\SQLScriptHelper.Tests\SQLScriptHelper.Tests.csproj", "{909E2E08-9F11-4416-842F-C9867D36F870}"
EndProject
Project("{FAE04EC0-301F-11D3-BF4B-00C04F79EFBC}") = "SQLScriptHelper", "src\SQLScriptHelper\SQLScriptHelper.csproj", "{263DDDB4-B2F3-4997-9EC8-7ADD02F9E2DB}"
EndProject
Global
	GlobalSection(SolutionConfigurationPlatforms) = preSolution
		Debug|Any CPU = Debug|Any CPU
		Release|Any CPU = Release|Any CPU
	EndGlobalSection
	GlobalSection(ProjectConfigurationPlatforms) = postSolution
		{909E2E08-9F11-4416-842F-C9867D36F870}.Debug|Any CPU.ActiveCfg = Debug|Any CPU
		{909E2E08-9F11-4416-842F-C9867D36F870}.Debug|Any CPU.Build.0 = Debug|Any CPU
		{909E2E08-9F11-4416-842F-C9867D36F870}.Release|Any CPU.ActiveCfg = Release|Any CPU
		{909E2E08-9F11-4416-842F-C9867D36F870}.Release|Any CPU.Build.0 = Release|Any CPU
		{263DDDB4-B2F3-4997-9EC8-7ADD02F9E2DB}.Debug|Any CPU.ActiveCfg = Debug|Any CPU
		{263DDDB4-B2F3-4997-9EC8-7ADD02F9E2DB}.Debug|Any CPU.Build.0 = Debug|Any CPU
		{263DDDB4-B2F3-4997-9EC8-7ADD02F9E2DB}.Release|Any CPU.ActiveCfg = Release|Any CPU
		{263DDDB4-B2F3-4997-9EC8-7ADD02F9E2DB}.Release|Any CPU.Build.0 = Release|Any CPU
	EndGlobalSection
	GlobalSection(SolutionProperties) = preSolution
		HideSolutionNode = FALSE
	EndGlobalSection
	GlobalSection(ExtensibilityGlobals) = postSolution
		SolutionGuid = {3E19C640-E3FD-4AD6-B940-71FB7DF173A7}
	EndGlobalSection
EndGlobal
